
Microsoft Visual Studio Solution File, Format Version 12.00
# Visual Studio Version 17
VisualStudioVersion = 17.8.34525.116
MinimumVisualStudioVersion = 10.0.40219.1
Project("{9A19103F-16F7-4668-BE54-9A1E7A4F7556}") = "212-Generics-Set-Dictionary-EMPTY", "212-Generics-Set-Dictionary\212-Generics-Set-Dictionary-EMPTY.csproj", "{75AA5CB8-1B23-454D-B02D-0EFBBE18409A}"
EndProject
Project("{9A19103F-16F7-4668-BE54-9A1E7A4F7556}") = "213-Generics1-NotReusableProblem", "213-Generics1-NotReusableProblem\213-Generics1-NotReusableProblem.csproj", "{6364C837-F53F-4303-B7E2-E1FA2E7D0F9E}"
EndProject
Project("{9A19103F-16F7-4668-BE54-9A1E7A4F7556}") = "214-Generics2-ReusableWithOBJECT-Problem-TypeSafety&Performance", "214-Generics2-ReusableWithOBJECT-Problem-TypeSafety&Performance\214-Generics2-ReusableWithOBJECT-Problem-TypeSafety&Performance.csproj", "{D1CF324F-1D35-4594-9E4E-EC4972FFBC12}"
EndProject
Project("{9A19103F-16F7-4668-BE54-9A1E7A4F7556}") = "214-Generics3-ReusableWith_GENERIC-T", "214-Generics3-ReusableWith_GENERIC-T\214-Generics3-ReusableWith_GENERIC-T.csproj", "{EE438DE2-373A-454E-BCFE-9FF1E027BDEA}"
EndProject
Project("{9A19103F-16F7-4668-BE54-9A1E7A4F7556}") = "215-GENERIC-T_Restrictions", "215-GENERIC-T_Restrictions\215-GENERIC-T_Restrictions.csproj", "{A4711B69-A834-4FBE-9106-F42F8578F81D}"
EndProject
Project("{9A19103F-16F7-4668-BE54-9A1E7A4F7556}") = "216-GetHashCode_&_Equals", "216-GetHashCode_&_Equals\216-GetHashCode_&_Equals.csproj", "{2A6BABB4-47CE-49CE-A223-3C14670A9718}"
EndProject
Project("{9A19103F-16F7-4668-BE54-9A1E7A4F7556}") = "217-HashSet-Demo1", "217-HashSet-Demo1\217-HashSet-Demo1.csproj", "{AD2DAA0E-1422-4891-8D5E-CE8FFD542B18}"
EndProject
Project("{9A19103F-16F7-4668-BE54-9A1E7A4F7556}") = "218-SortedSet-Demo2", "218-SortedSet-Demo2\218-SortedSet-Demo2.csproj", "{DA9873D5-A2E2-415A-BABA-3A210419D64E}"
EndProject
Project("{9A19103F-16F7-4668-BE54-9A1E7A4F7556}") = "219B-HashCollections_WithOUT-GetHashCode_&_Equals", "219B-HashCollections_WithOUT-GetHashCode_&_Equals\219B-HashCollections_WithOUT-GetHashCode_&_Equals.csproj", "{DE04E50E-423B-4C35-B201-45B01642CAAB}"
EndProject
Project("{9A19103F-16F7-4668-BE54-9A1E7A4F7556}") = "219A-HashCollections_With-GetHashCode_&_Equals", "219A-HashCollections_With-GetHashCode_&_Equals\219A-HashCollections_With-GetHashCode_&_Equals.csproj", "{5187C9CF-B72F-4105-90FF-8439EFE893D1}"
EndProject
Project("{9A19103F-16F7-4668-BE54-9A1E7A4F7556}") = "220-HashSet1-Exercicio1", "220-HashSet1-Exercicio1\220-HashSet1-Exercicio1.csproj", "{11FF61F0-AC06-4123-8DDD-0F1EA6CA63F2}"
EndProject
Project("{9A19103F-16F7-4668-BE54-9A1E7A4F7556}") = "221-HashSet2-Exercicio2", "221-HashSet2-Exercicio2\221-HashSet2-Exercicio2.csproj", "{E1FD3A55-B42D-4B4F-9388-60E63BA3C49A}"
EndProject
Project("{FAE04EC0-301F-11D3-BF4B-00C04F79EFBC}") = "222-Dictionary1-Cookies", "222-Dictionary1-Cookies\222-Dictionary1-Cookies.csproj", "{934BDE58-0436-42EA-A7C9-C1FA8C7C322D}"
EndProject
Project("{FAE04EC0-301F-11D3-BF4B-00C04F79EFBC}") = "223-Dictionary2-RedFromFile", "223-Dictionary2-RedFromFile\223-Dictionary2-RedFromFile.csproj", "{3A19B754-8535-4C00-999D-EBFDE93875DD}"
EndProject
Global
	GlobalSection(SolutionConfigurationPlatforms) = preSolution
		Debug|Any CPU = Debug|Any CPU
		Release|Any CPU = Release|Any CPU
	EndGlobalSection
	GlobalSection(ProjectConfigurationPlatforms) = postSolution
		{75AA5CB8-1B23-454D-B02D-0EFBBE18409A}.Debug|Any CPU.ActiveCfg = Debug|Any CPU
		{75AA5CB8-1B23-454D-B02D-0EFBBE18409A}.Debug|Any CPU.Build.0 = Debug|Any CPU
		{75AA5CB8-1B23-454D-B02D-0EFBBE18409A}.Release|Any CPU.ActiveCfg = Release|Any CPU
		{75AA5CB8-1B23-454D-B02D-0EFBBE18409A}.Release|Any CPU.Build.0 = Release|Any CPU
		{6364C837-F53F-4303-B7E2-E1FA2E7D0F9E}.Debug|Any CPU.ActiveCfg = Debug|Any CPU
		{6364C837-F53F-4303-B7E2-E1FA2E7D0F9E}.Debug|Any CPU.Build.0 = Debug|Any CPU
		{6364C837-F53F-4303-B7E2-E1FA2E7D0F9E}.Release|Any CPU.ActiveCfg = Release|Any CPU
		{6364C837-F53F-4303-B7E2-E1FA2E7D0F9E}.Release|Any CPU.Build.0 = Release|Any CPU
		{D1CF324F-1D35-4594-9E4E-EC4972FFBC12}.Debug|Any CPU.ActiveCfg = Debug|Any CPU
		{D1CF324F-1D35-4594-9E4E-EC4972FFBC12}.Debug|Any CPU.Build.0 = Debug|Any CPU
		{D1CF324F-1D35-4594-9E4E-EC4972FFBC12}.Release|Any CPU.ActiveCfg = Release|Any CPU
		{D1CF324F-1D35-4594-9E4E-EC4972FFBC12}.Release|Any CPU.Build.0 = Release|Any CPU
		{EE438DE2-373A-454E-BCFE-9FF1E027BDEA}.Debug|Any CPU.ActiveCfg = Debug|Any CPU
		{EE438DE2-373A-454E-BCFE-9FF1E027BDEA}.Debug|Any CPU.Build.0 = Debug|Any CPU
		{EE438DE2-373A-454E-BCFE-9FF1E027BDEA}.Release|Any CPU.ActiveCfg = Release|Any CPU
		{EE438DE2-373A-454E-BCFE-9FF1E027BDEA}.Release|Any CPU.Build.0 = Release|Any CPU
		{A4711B69-A834-4FBE-9106-F42F8578F81D}.Debug|Any CPU.ActiveCfg = Debug|Any CPU
		{A4711B69-A834-4FBE-9106-F42F8578F81D}.Debug|Any CPU.Build.0 = Debug|Any CPU
		{A4711B69-A834-4FBE-9106-F42F8578F81D}.Release|Any CPU.ActiveCfg = Release|Any CPU
		{A4711B69-A834-4FBE-9106-F42F8578F81D}.Release|Any CPU.Build.0 = Release|Any CPU
		{2A6BABB4-47CE-49CE-A223-3C14670A9718}.Debug|Any CPU.ActiveCfg = Debug|Any CPU
		{2A6BABB4-47CE-49CE-A223-3C14670A9718}.Debug|Any CPU.Build.0 = Debug|Any CPU
		{2A6BABB4-47CE-49CE-A223-3C14670A9718}.Release|Any CPU.ActiveCfg = Release|Any CPU
		{2A6BABB4-47CE-49CE-A223-3C14670A9718}.Release|Any CPU.Build.0 = Release|Any CPU
		{AD2DAA0E-1422-4891-8D5E-CE8FFD542B18}.Debug|Any CPU.ActiveCfg = Debug|Any CPU
		{AD2DAA0E-1422-4891-8D5E-CE8FFD542B18}.Debug|Any CPU.Build.0 = Debug|Any CPU
		{AD2DAA0E-1422-4891-8D5E-CE8FFD542B18}.Release|Any CPU.ActiveCfg = Release|Any CPU
		{AD2DAA0E-1422-4891-8D5E-CE8FFD542B18}.Release|Any CPU.Build.0 = Release|Any CPU
		{DA9873D5-A2E2-415A-BABA-3A210419D64E}.Debug|Any CPU.ActiveCfg = Debug|Any CPU
		{DA9873D5-A2E2-415A-BABA-3A210419D64E}.Debug|Any CPU.Build.0 = Debug|Any CPU
		{DA9873D5-A2E2-415A-BABA-3A210419D64E}.Release|Any CPU.ActiveCfg = Release|Any CPU
		{DA9873D5-A2E2-415A-BABA-3A210419D64E}.Release|Any CPU.Build.0 = Release|Any CPU
		{DE04E50E-423B-4C35-B201-45B01642CAAB}.Debug|Any CPU.ActiveCfg = Debug|Any CPU
		{DE04E50E-423B-4C35-B201-45B01642CAAB}.Debug|Any CPU.Build.0 = Debug|Any CPU
		{DE04E50E-423B-4C35-B201-45B01642CAAB}.Release|Any CPU.ActiveCfg = Release|Any CPU
		{DE04E50E-423B-4C35-B201-45B01642CAAB}.Release|Any CPU.Build.0 = Release|Any CPU
		{5187C9CF-B72F-4105-90FF-8439EFE893D1}.Debug|Any CPU.ActiveCfg = Debug|Any CPU
		{5187C9CF-B72F-4105-90FF-8439EFE893D1}.Debug|Any CPU.Build.0 = Debug|Any CPU
		{5187C9CF-B72F-4105-90FF-8439EFE893D1}.Release|Any CPU.ActiveCfg = Release|Any CPU
		{5187C9CF-B72F-4105-90FF-8439EFE893D1}.Release|Any CPU.Build.0 = Release|Any CPU
		{11FF61F0-AC06-4123-8DDD-0F1EA6CA63F2}.Debug|Any CPU.ActiveCfg = Debug|Any CPU
		{11FF61F0-AC06-4123-8DDD-0F1EA6CA63F2}.Debug|Any CPU.Build.0 = Debug|Any CPU
		{11FF61F0-AC06-4123-8DDD-0F1EA6CA63F2}.Release|Any CPU.ActiveCfg = Release|Any CPU
		{11FF61F0-AC06-4123-8DDD-0F1EA6CA63F2}.Release|Any CPU.Build.0 = Release|Any CPU
		{E1FD3A55-B42D-4B4F-9388-60E63BA3C49A}.Debug|Any CPU.ActiveCfg = Debug|Any CPU
		{E1FD3A55-B42D-4B4F-9388-60E63BA3C49A}.Debug|Any CPU.Build.0 = Debug|Any CPU
		{E1FD3A55-B42D-4B4F-9388-60E63BA3C49A}.Release|Any CPU.ActiveCfg = Release|Any CPU
		{E1FD3A55-B42D-4B4F-9388-60E63BA3C49A}.Release|Any CPU.Build.0 = Release|Any CPU
		{934BDE58-0436-42EA-A7C9-C1FA8C7C322D}.Debug|Any CPU.ActiveCfg = Debug|Any CPU
		{934BDE58-0436-42EA-A7C9-C1FA8C7C322D}.Debug|Any CPU.Build.0 = Debug|Any CPU
		{934BDE58-0436-42EA-A7C9-C1FA8C7C322D}.Release|Any CPU.ActiveCfg = Release|Any CPU
		{934BDE58-0436-42EA-A7C9-C1FA8C7C322D}.Release|Any CPU.Build.0 = Release|Any CPU
		{3A19B754-8535-4C00-999D-EBFDE93875DD}.Debug|Any CPU.ActiveCfg = Debug|Any CPU
		{3A19B754-8535-4C00-999D-EBFDE93875DD}.Debug|Any CPU.Build.0 = Debug|Any CPU
		{3A19B754-8535-4C00-999D-EBFDE93875DD}.Release|Any CPU.ActiveCfg = Release|Any CPU
		{3A19B754-8535-4C00-999D-EBFDE93875DD}.Release|Any CPU.Build.0 = Release|Any CPU
	EndGlobalSection
	GlobalSection(SolutionProperties) = preSolution
		HideSolutionNode = FALSE
	EndGlobalSection
	GlobalSection(ExtensibilityGlobals) = postSolution
		SolutionGuid = {69122037-5D39-4123-8E0A-F46F7A1E6C6F}
	EndGlobalSection
EndGlobal
