
Microsoft Visual Studio Solution File, Format Version 12.00
# Visual Studio Version 17
VisualStudioVersion = 17.7.34031.279
MinimumVisualStudioVersion = 10.0.40219.1
Project("{FAE04EC0-301F-11D3-BF4B-00C04F79EFBC}") = "077-List", "077-List\077-List.csproj", "{6649B60E-2453-4F88-8DC7-96E8C441E331}"
EndProject
Global
	GlobalSection(SolutionConfigurationPlatforms) = preSolution
		Debug|Any CPU = Debug|Any CPU
		Release|Any CPU = Release|Any CPU
	EndGlobalSection
	GlobalSection(ProjectConfigurationPlatforms) = postSolution
		{6649B60E-2453-4F88-8DC7-96E8C441E331}.Debug|Any CPU.ActiveCfg = Debug|Any CPU
		{6649B60E-2453-4F88-8DC7-96E8C441E331}.Debug|Any CPU.Build.0 = Debug|Any CPU
		{6649B60E-2453-4F88-8DC7-96E8C441E331}.Release|Any CPU.ActiveCfg = Release|Any CPU
		{6649B60E-2453-4F88-8DC7-96E8C441E331}.Release|Any CPU.Build.0 = Release|Any CPU
	EndGlobalSection
	GlobalSection(SolutionProperties) = preSolution
		HideSolutionNode = FALSE
	EndGlobalSection
	GlobalSection(ExtensibilityGlobals) = postSolution
		SolutionGuid = {CB6CDE63-3F53-4160-B8F1-3AF55F9F626B}
	EndGlobalSection
EndGlobal
