
Microsoft Visual Studio Solution File, Format Version 12.00
# Visual Studio Version 17
VisualStudioVersion = 17.7.34031.279
MinimumVisualStudioVersion = 10.0.40219.1
Project("{FAE04EC0-301F-11D3-BF4B-00C04F79EFBC}") = "060-Classes-Encapsulamento-ContaBanco", "060-Classes-Encapsulamento-ContaBanco\060-Classes-Encapsulamento-ContaBanco.csproj", "{D8AC0BAA-D5B0-4F98-B625-FF627DD91CDE}"
EndProject
Global
	GlobalSection(SolutionConfigurationPlatforms) = preSolution
		Debug|Any CPU = Debug|Any CPU
		Release|Any CPU = Release|Any CPU
	EndGlobalSection
	GlobalSection(ProjectConfigurationPlatforms) = postSolution
		{D8AC0BAA-D5B0-4F98-B625-FF627DD91CDE}.Debug|Any CPU.ActiveCfg = Debug|Any CPU
		{D8AC0BAA-D5B0-4F98-B625-FF627DD91CDE}.Debug|Any CPU.Build.0 = Debug|Any CPU
		{D8AC0BAA-D5B0-4F98-B625-FF627DD91CDE}.Release|Any CPU.ActiveCfg = Release|Any CPU
		{D8AC0BAA-D5B0-4F98-B625-FF627DD91CDE}.Release|Any CPU.Build.0 = Release|Any CPU
	EndGlobalSection
	GlobalSection(SolutionProperties) = preSolution
		HideSolutionNode = FALSE
	EndGlobalSection
	GlobalSection(ExtensibilityGlobals) = postSolution
		SolutionGuid = {A1523B58-6F10-4D42-940E-295A206C45B9}
	EndGlobalSection
EndGlobal
