
Microsoft Visual Studio Solution File, Format Version 12.00
# Visual Studio Version 17
VisualStudioVersion = 17.7.34031.279
MinimumVisualStudioVersion = 10.0.40219.1
Project("{9A19103F-16F7-4668-BE54-9A1E7A4F7556}") = "047.2-Classes-InstanceMembers", "047.2-Classes-InstanceMembers\047.2-Classes-InstanceMembers.csproj", "{10D39997-562A-44B0-B3AD-F0DD81486804}"
EndProject
Project("{9A19103F-16F7-4668-BE54-9A1E7A4F7556}") = "047.3-Classe-StaticMembers", "047.3-Classes-StaticMembers\047.3-Classe-StaticMembers\047.3-Classe-StaticMembers.csproj", "{65AE5C82-1A13-494B-859F-983A749DFE2B}"
EndProject
Project("{9A19103F-16F7-4668-BE54-9A1E7A4F7556}") = "046.1-Classes-StaticMembers", "046.1-Classes-StaticMembers\046.1-Classes-StaticMembers\046.1-Classes-StaticMembers.csproj", "{D0B5CD9E-609B-4D8D-BBCE-0FDF0F35AC63}"
EndProject
Global
	GlobalSection(SolutionConfigurationPlatforms) = preSolution
		Debug|Any CPU = Debug|Any CPU
		Release|Any CPU = Release|Any CPU
	EndGlobalSection
	GlobalSection(ProjectConfigurationPlatforms) = postSolution
		{10D39997-562A-44B0-B3AD-F0DD81486804}.Debug|Any CPU.ActiveCfg = Debug|Any CPU
		{10D39997-562A-44B0-B3AD-F0DD81486804}.Debug|Any CPU.Build.0 = Debug|Any CPU
		{10D39997-562A-44B0-B3AD-F0DD81486804}.Release|Any CPU.ActiveCfg = Release|Any CPU
		{10D39997-562A-44B0-B3AD-F0DD81486804}.Release|Any CPU.Build.0 = Release|Any CPU
		{65AE5C82-1A13-494B-859F-983A749DFE2B}.Debug|Any CPU.ActiveCfg = Debug|Any CPU
		{65AE5C82-1A13-494B-859F-983A749DFE2B}.Debug|Any CPU.Build.0 = Debug|Any CPU
		{65AE5C82-1A13-494B-859F-983A749DFE2B}.Release|Any CPU.ActiveCfg = Release|Any CPU
		{65AE5C82-1A13-494B-859F-983A749DFE2B}.Release|Any CPU.Build.0 = Release|Any CPU
		{D0B5CD9E-609B-4D8D-BBCE-0FDF0F35AC63}.Debug|Any CPU.ActiveCfg = Debug|Any CPU
		{D0B5CD9E-609B-4D8D-BBCE-0FDF0F35AC63}.Debug|Any CPU.Build.0 = Debug|Any CPU
		{D0B5CD9E-609B-4D8D-BBCE-0FDF0F35AC63}.Release|Any CPU.ActiveCfg = Release|Any CPU
		{D0B5CD9E-609B-4D8D-BBCE-0FDF0F35AC63}.Release|Any CPU.Build.0 = Release|Any CPU
	EndGlobalSection
	GlobalSection(SolutionProperties) = preSolution
		HideSolutionNode = FALSE
	EndGlobalSection
	GlobalSection(ExtensibilityGlobals) = postSolution
		SolutionGuid = {E33C1EB7-DE55-4709-BD8E-1FFA0C655BE5}
	EndGlobalSection
EndGlobal
