
Microsoft Visual Studio Solution File, Format Version 12.00
# Visual Studio Version 17
VisualStudioVersion = 17.7.34031.279
MinimumVisualStudioVersion = 10.0.40219.1
Project("{FAE04EC0-301F-11D3-BF4B-00C04F79EFBC}") = "047.3-Classe-StaticMembers", "047.3-Classe-StaticMembers\047.3-Classe-StaticMembers.csproj", "{34B607DE-53D7-4F54-AC61-088C90CA52AA}"
EndProject
Global
	GlobalSection(SolutionConfigurationPlatforms) = preSolution
		Debug|Any CPU = Debug|Any CPU
		Release|Any CPU = Release|Any CPU
	EndGlobalSection
	GlobalSection(ProjectConfigurationPlatforms) = postSolution
		{34B607DE-53D7-4F54-AC61-088C90CA52AA}.Debug|Any CPU.ActiveCfg = Debug|Any CPU
		{34B607DE-53D7-4F54-AC61-088C90CA52AA}.Debug|Any CPU.Build.0 = Debug|Any CPU
		{34B607DE-53D7-4F54-AC61-088C90CA52AA}.Release|Any CPU.ActiveCfg = Release|Any CPU
		{34B607DE-53D7-4F54-AC61-088C90CA52AA}.Release|Any CPU.Build.0 = Release|Any CPU
	EndGlobalSection
	GlobalSection(SolutionProperties) = preSolution
		HideSolutionNode = FALSE
	EndGlobalSection
	GlobalSection(ExtensibilityGlobals) = postSolution
		SolutionGuid = {DE8773F1-6C0F-4E0D-9E74-12193087BA90}
	EndGlobalSection
EndGlobal
