
Microsoft Visual Studio Solution File, Format Version 12.00
# Visual Studio Version 17
VisualStudioVersion = 17.7.34031.279
MinimumVisualStudioVersion = 10.0.40219.1
Project("{FAE04EC0-301F-11D3-BF4B-00C04F79EFBC}") = "080-Maztriz-Diag.Princ-Neg.Nr.", "..\080-Maztriz-Diag.Princ-Neg.Nr\080-Maztriz-Diag.Princ-Neg.Nr\080-Maztriz-Diag.Princ-Neg.Nr..csproj", "{DF7AD7B3-4ED4-4B0D-B01D-093E4B3B0FDD}"
EndProject
Global
	GlobalSection(SolutionConfigurationPlatforms) = preSolution
		Debug|Any CPU = Debug|Any CPU
		Release|Any CPU = Release|Any CPU
	EndGlobalSection
	GlobalSection(ProjectConfigurationPlatforms) = postSolution
		{DF7AD7B3-4ED4-4B0D-B01D-093E4B3B0FDD}.Debug|Any CPU.ActiveCfg = Debug|Any CPU
		{DF7AD7B3-4ED4-4B0D-B01D-093E4B3B0FDD}.Debug|Any CPU.Build.0 = Debug|Any CPU
		{DF7AD7B3-4ED4-4B0D-B01D-093E4B3B0FDD}.Release|Any CPU.ActiveCfg = Release|Any CPU
		{DF7AD7B3-4ED4-4B0D-B01D-093E4B3B0FDD}.Release|Any CPU.Build.0 = Release|Any CPU
	EndGlobalSection
	GlobalSection(SolutionProperties) = preSolution
		HideSolutionNode = FALSE
	EndGlobalSection
	GlobalSection(ExtensibilityGlobals) = postSolution
		SolutionGuid = {3C50CFE8-5FC8-4EBE-A17D-BE11FDD8E32E}
	EndGlobalSection
EndGlobal
