
Microsoft Visual Studio Solution File, Format Version 12.00
# Visual Studio Version 17
VisualStudioVersion = 17.7.34031.279
MinimumVisualStudioVersion = 10.0.40219.1
Project("{9A19103F-16F7-4668-BE54-9A1E7A4F7556}") = "038-AreaTriangulo-SemPoo", "038-AreaTriangulo-SemPoo\038-AreaTriangulo-SemPoo.csproj", "{1AD29C3C-65F4-40D9-B843-B71B89593587}"
EndProject
Project("{FAE04EC0-301F-11D3-BF4B-00C04F79EFBC}") = "039-AreaTriangulo-ComPoo", "039-AreaTriangulo-ComPoo\039-AreaTriangulo-ComPoo.csproj", "{52C5AE68-9C65-40A5-A150-AD4E90622BB2}"
EndProject
Global
	GlobalSection(SolutionConfigurationPlatforms) = preSolution
		Debug|Any CPU = Debug|Any CPU
		Release|Any CPU = Release|Any CPU
	EndGlobalSection
	GlobalSection(ProjectConfigurationPlatforms) = postSolution
		{1AD29C3C-65F4-40D9-B843-B71B89593587}.Debug|Any CPU.ActiveCfg = Debug|Any CPU
		{1AD29C3C-65F4-40D9-B843-B71B89593587}.Debug|Any CPU.Build.0 = Debug|Any CPU
		{1AD29C3C-65F4-40D9-B843-B71B89593587}.Release|Any CPU.ActiveCfg = Release|Any CPU
		{1AD29C3C-65F4-40D9-B843-B71B89593587}.Release|Any CPU.Build.0 = Release|Any CPU
		{52C5AE68-9C65-40A5-A150-AD4E90622BB2}.Debug|Any CPU.ActiveCfg = Debug|Any CPU
		{52C5AE68-9C65-40A5-A150-AD4E90622BB2}.Debug|Any CPU.Build.0 = Debug|Any CPU
		{52C5AE68-9C65-40A5-A150-AD4E90622BB2}.Release|Any CPU.ActiveCfg = Release|Any CPU
		{52C5AE68-9C65-40A5-A150-AD4E90622BB2}.Release|Any CPU.Build.0 = Release|Any CPU
	EndGlobalSection
	GlobalSection(SolutionProperties) = preSolution
		HideSolutionNode = FALSE
	EndGlobalSection
	GlobalSection(ExtensibilityGlobals) = postSolution
		SolutionGuid = {AD83841C-2561-40C9-97DB-12D701DDD2ED}
	EndGlobalSection
EndGlobal
